
Microsoft Visual Studio Solution File, Format Version 12.00
# Visual Studio Version 17
VisualStudioVersion = 17.5.002.0
MinimumVisualStudioVersion = 10.0.40219.1
Project("{9A19103F-16F7-4668-BE54-9A1E7A4F7556}") = "MinhaAPI", "MinhaAPI\MinhaAPI.csproj", "{28030327-27E3-478D-890C-B4447E4C649C}"
EndProject
Global
	GlobalSection(SolutionConfigurationPlatforms) = preSolution
		Debug|Any CPU = Debug|Any CPU
		Release|Any CPU = Release|Any CPU
	EndGlobalSection
	GlobalSection(ProjectConfigurationPlatforms) = postSolution
		{28030327-27E3-478D-890C-B4447E4C649C}.Debug|Any CPU.ActiveCfg = Debug|Any CPU
		{28030327-27E3-478D-890C-B4447E4C649C}.Debug|Any CPU.Build.0 = Debug|Any CPU
		{28030327-27E3-478D-890C-B4447E4C649C}.Release|Any CPU.ActiveCfg = Release|Any CPU
		{28030327-27E3-478D-890C-B4447E4C649C}.Release|Any CPU.Build.0 = Release|Any CPU
	EndGlobalSection
	GlobalSection(SolutionProperties) = preSolution
		HideSolutionNode = FALSE
	EndGlobalSection
	GlobalSection(ExtensibilityGlobals) = postSolution
		SolutionGuid = {2B1B516A-4E5A-4B8D-896B-6DF7C0FE0EDD}
	EndGlobalSection
EndGlobal
